
Microsoft Visual Studio Solution File, Format Version 12.00
# Visual Studio Version 17
VisualStudioVersion = 17.5.33502.453
MinimumVisualStudioVersion = 10.0.40219.1
Project("{FAE04EC0-301F-11D3-BF4B-00C04F79EFBC}") = "testeDeMatematica", "testeDeMatematica\testeDeMatematica.csproj", "{A77BBC76-D7B8-47DE-9513-FDB5934B4444}"
EndProject
Global
	GlobalSection(SolutionConfigurationPlatforms) = preSolution
		Debug|Any CPU = Debug|Any CPU
		Release|Any CPU = Release|Any CPU
	EndGlobalSection
	GlobalSection(ProjectConfigurationPlatforms) = postSolution
		{A77BBC76-D7B8-47DE-9513-FDB5934B4444}.Debug|Any CPU.ActiveCfg = Debug|Any CPU
		{A77BBC76-D7B8-47DE-9513-FDB5934B4444}.Debug|Any CPU.Build.0 = Debug|Any CPU
		{A77BBC76-D7B8-47DE-9513-FDB5934B4444}.Release|Any CPU.ActiveCfg = Release|Any CPU
		{A77BBC76-D7B8-47DE-9513-FDB5934B4444}.Release|Any CPU.Build.0 = Release|Any CPU
	EndGlobalSection
	GlobalSection(SolutionProperties) = preSolution
		HideSolutionNode = FALSE
	EndGlobalSection
	GlobalSection(ExtensibilityGlobals) = postSolution
		SolutionGuid = {0F23A8AB-F2D8-478B-B81B-A6675B7948C9}
	EndGlobalSection
EndGlobal
